
Microsoft Visual Studio Solution File, Format Version 12.00
# Visual Studio Version 17
VisualStudioVersion = 17.0.31912.275
MinimumVisualStudioVersion = 10.0.40219.1
Project("{2150E333-8FDC-42A3-9474-1A3956D46DE8}") = "Demo", "Demo", "{EBBE8DFF-10F4-41C1-8456-9188F8038EC0}"
EndProject
Project("{2150E333-8FDC-42A3-9474-1A3956D46DE8}") = "Test", "Test", "{02F542E8-E2BD-4070-812E-646CA9219E52}"
EndProject
Project("{2150E333-8FDC-42A3-9474-1A3956D46DE8}") = "Src", "Src", "{12682F58-306A-4F67-8850-BF67BDA26D46}"
EndProject
Project("{2150E333-8FDC-42A3-9474-1A3956D46DE8}") = "Doc", "Doc", "{B289D6A2-35CA-48C7-A5AD-609989221D04}"
EndProject
Project("{7CF6DF6D-3B04-46F8-A40B-537D21BCA0B4}") = "MediaDevicesDoc", "Doc\MediaDevicesDoc\MediaDevicesDoc.shfbproj", "{15DBA1E6-2C21-40AC-BD19-67926C3442AC}"
EndProject
Project("{9A19103F-16F7-4668-BE54-9A1E7A4F7556}") = "MediaDevices", "Src\MediaDevices\MediaDevices.csproj", "{DE490492-EFD3-4B8D-89C3-A2CCE579F09A}"
EndProject
Project("{9A19103F-16F7-4668-BE54-9A1E7A4F7556}") = "MediaDevicesUnitTest", "Test\MediaDevicesUnitTest\MediaDevicesUnitTest.csproj", "{CC3AD846-E168-4257-BE8F-8BAFE8CBC004}"
EndProject
Project("{9A19103F-16F7-4668-BE54-9A1E7A4F7556}") = "Explorer", "Demo\Explorer\Explorer.csproj", "{7A16A315-86E7-4DEA-BBED-364FF4B05C47}"
EndProject
Project("{9A19103F-16F7-4668-BE54-9A1E7A4F7556}") = "MediaDevicesApp", "Demo\MediaDevicesApp\MediaDevicesApp.csproj", "{0A9EB357-8CC0-4DB4-B903-246C7B869567}"
EndProject
Global
	GlobalSection(SolutionConfigurationPlatforms) = preSolution
		Debug|Any CPU = Debug|Any CPU
		Debug|x64 = Debug|x64
		Debug|x86 = Debug|x86
		Release|Any CPU = Release|Any CPU
		Release|x64 = Release|x64
		Release|x86 = Release|x86
	EndGlobalSection
	GlobalSection(ProjectConfigurationPlatforms) = postSolution
		{15DBA1E6-2C21-40AC-BD19-67926C3442AC}.Debug|Any CPU.ActiveCfg = Debug|Any CPU
		{15DBA1E6-2C21-40AC-BD19-67926C3442AC}.Debug|Any CPU.Build.0 = Debug|Any CPU
		{15DBA1E6-2C21-40AC-BD19-67926C3442AC}.Debug|x64.ActiveCfg = Debug|Any CPU
		{15DBA1E6-2C21-40AC-BD19-67926C3442AC}.Debug|x64.Build.0 = Debug|Any CPU
		{15DBA1E6-2C21-40AC-BD19-67926C3442AC}.Debug|x86.ActiveCfg = Debug|Any CPU
		{15DBA1E6-2C21-40AC-BD19-67926C3442AC}.Debug|x86.Build.0 = Debug|Any CPU
		{15DBA1E6-2C21-40AC-BD19-67926C3442AC}.Release|Any CPU.ActiveCfg = Release|Any CPU
		{15DBA1E6-2C21-40AC-BD19-67926C3442AC}.Release|Any CPU.Build.0 = Release|Any CPU
		{15DBA1E6-2C21-40AC-BD19-67926C3442AC}.Release|x64.ActiveCfg = Release|Any CPU
		{15DBA1E6-2C21-40AC-BD19-67926C3442AC}.Release|x64.Build.0 = Release|Any CPU
		{15DBA1E6-2C21-40AC-BD19-67926C3442AC}.Release|x86.ActiveCfg = Release|Any CPU
		{15DBA1E6-2C21-40AC-BD19-67926C3442AC}.Release|x86.Build.0 = Release|Any CPU
		{DE490492-EFD3-4B8D-89C3-A2CCE579F09A}.Debug|Any CPU.ActiveCfg = Debug|Any CPU
		{DE490492-EFD3-4B8D-89C3-A2CCE579F09A}.Debug|Any CPU.Build.0 = Debug|Any CPU
		{DE490492-EFD3-4B8D-89C3-A2CCE579F09A}.Debug|x64.ActiveCfg = Debug|Any CPU
		{DE490492-EFD3-4B8D-89C3-A2CCE579F09A}.Debug|x64.Build.0 = Debug|Any CPU
		{DE490492-EFD3-4B8D-89C3-A2CCE579F09A}.Debug|x86.ActiveCfg = Debug|Any CPU
		{DE490492-EFD3-4B8D-89C3-A2CCE579F09A}.Debug|x86.Build.0 = Debug|Any CPU
		{DE490492-EFD3-4B8D-89C3-A2CCE579F09A}.Release|Any CPU.ActiveCfg = Release|Any CPU
		{DE490492-EFD3-4B8D-89C3-A2CCE579F09A}.Release|Any CPU.Build.0 = Release|Any CPU
		{DE490492-EFD3-4B8D-89C3-A2CCE579F09A}.Release|x64.ActiveCfg = Release|Any CPU
		{DE490492-EFD3-4B8D-89C3-A2CCE579F09A}.Release|x64.Build.0 = Release|Any CPU
		{DE490492-EFD3-4B8D-89C3-A2CCE579F09A}.Release|x86.ActiveCfg = Release|Any CPU
		{DE490492-EFD3-4B8D-89C3-A2CCE579F09A}.Release|x86.Build.0 = Release|Any CPU
		{CC3AD846-E168-4257-BE8F-8BAFE8CBC004}.Debug|Any CPU.ActiveCfg = Debug|Any CPU
		{CC3AD846-E168-4257-BE8F-8BAFE8CBC004}.Debug|Any CPU.Build.0 = Debug|Any CPU
		{CC3AD846-E168-4257-BE8F-8BAFE8CBC004}.Debug|x64.ActiveCfg = Debug|Any CPU
		{CC3AD846-E168-4257-BE8F-8BAFE8CBC004}.Debug|x64.Build.0 = Debug|Any CPU
		{CC3AD846-E168-4257-BE8F-8BAFE8CBC004}.Debug|x86.ActiveCfg = Debug|Any CPU
		{CC3AD846-E168-4257-BE8F-8BAFE8CBC004}.Debug|x86.Build.0 = Debug|Any CPU
		{CC3AD846-E168-4257-BE8F-8BAFE8CBC004}.Release|Any CPU.ActiveCfg = Release|Any CPU
		{CC3AD846-E168-4257-BE8F-8BAFE8CBC004}.Release|Any CPU.Build.0 = Release|Any CPU
		{CC3AD846-E168-4257-BE8F-8BAFE8CBC004}.Release|x64.ActiveCfg = Release|Any CPU
		{CC3AD846-E168-4257-BE8F-8BAFE8CBC004}.Release|x64.Build.0 = Release|Any CPU
		{CC3AD846-E168-4257-BE8F-8BAFE8CBC004}.Release|x86.ActiveCfg = Release|Any CPU
		{CC3AD846-E168-4257-BE8F-8BAFE8CBC004}.Release|x86.Build.0 = Release|Any CPU
		{7A16A315-86E7-4DEA-BBED-364FF4B05C47}.Debug|Any CPU.ActiveCfg = Debug|Any CPU
		{7A16A315-86E7-4DEA-BBED-364FF4B05C47}.Debug|Any CPU.Build.0 = Debug|Any CPU
		{7A16A315-86E7-4DEA-BBED-364FF4B05C47}.Debug|x64.ActiveCfg = Debug|Any CPU
		{7A16A315-86E7-4DEA-BBED-364FF4B05C47}.Debug|x64.Build.0 = Debug|Any CPU
		{7A16A315-86E7-4DEA-BBED-364FF4B05C47}.Debug|x86.ActiveCfg = Debug|Any CPU
		{7A16A315-86E7-4DEA-BBED-364FF4B05C47}.Debug|x86.Build.0 = Debug|Any CPU
		{7A16A315-86E7-4DEA-BBED-364FF4B05C47}.Release|Any CPU.ActiveCfg = Release|Any CPU
		{7A16A315-86E7-4DEA-BBED-364FF4B05C47}.Release|Any CPU.Build.0 = Release|Any CPU
		{7A16A315-86E7-4DEA-BBED-364FF4B05C47}.Release|x64.ActiveCfg = Release|Any CPU
		{7A16A315-86E7-4DEA-BBED-364FF4B05C47}.Release|x64.Build.0 = Release|Any CPU
		{7A16A315-86E7-4DEA-BBED-364FF4B05C47}.Release|x86.ActiveCfg = Release|Any CPU
		{7A16A315-86E7-4DEA-BBED-364FF4B05C47}.Release|x86.Build.0 = Release|Any CPU
		{0A9EB357-8CC0-4DB4-B903-246C7B869567}.Debug|Any CPU.ActiveCfg = Debug|Any CPU
		{0A9EB357-8CC0-4DB4-B903-246C7B869567}.Debug|Any CPU.Build.0 = Debug|Any CPU
		{0A9EB357-8CC0-4DB4-B903-246C7B869567}.Debug|x64.ActiveCfg = Debug|Any CPU
		{0A9EB357-8CC0-4DB4-B903-246C7B869567}.Debug|x64.Build.0 = Debug|Any CPU
		{0A9EB357-8CC0-4DB4-B903-246C7B869567}.Debug|x86.ActiveCfg = Debug|Any CPU
		{0A9EB357-8CC0-4DB4-B903-246C7B869567}.Debug|x86.Build.0 = Debug|Any CPU
		{0A9EB357-8CC0-4DB4-B903-246C7B869567}.Release|Any CPU.ActiveCfg = Release|Any CPU
		{0A9EB357-8CC0-4DB4-B903-246C7B869567}.Release|Any CPU.Build.0 = Release|Any CPU
		{0A9EB357-8CC0-4DB4-B903-246C7B869567}.Release|x64.ActiveCfg = Release|Any CPU
		{0A9EB357-8CC0-4DB4-B903-246C7B869567}.Release|x64.Build.0 = Release|Any CPU
		{0A9EB357-8CC0-4DB4-B903-246C7B869567}.Release|x86.ActiveCfg = Release|Any CPU
		{0A9EB357-8CC0-4DB4-B903-246C7B869567}.Release|x86.Build.0 = Release|Any CPU
	EndGlobalSection
	GlobalSection(SolutionProperties) = preSolution
		HideSolutionNode = FALSE
	EndGlobalSection
	GlobalSection(NestedProjects) = preSolution
		{15DBA1E6-2C21-40AC-BD19-67926C3442AC} = {B289D6A2-35CA-48C7-A5AD-609989221D04}
		{DE490492-EFD3-4B8D-89C3-A2CCE579F09A} = {12682F58-306A-4F67-8850-BF67BDA26D46}
		{CC3AD846-E168-4257-BE8F-8BAFE8CBC004} = {02F542E8-E2BD-4070-812E-646CA9219E52}
		{7A16A315-86E7-4DEA-BBED-364FF4B05C47} = {EBBE8DFF-10F4-41C1-8456-9188F8038EC0}
		{0A9EB357-8CC0-4DB4-B903-246C7B869567} = {EBBE8DFF-10F4-41C1-8456-9188F8038EC0}
	EndGlobalSection
	GlobalSection(ExtensibilityGlobals) = postSolution
		SolutionGuid = {4FF47020-DA8D-4683-8E5E-813E06A746AD}
	EndGlobalSection
EndGlobal
